version = 1
revision = 2
requires-python = ">=3.13"

[[package]]
name = "adafruit-ads1x15"
version = "1.0.2"
source = { registry = "https://pypi.org/simple" }
dependencies = [
    { name = "adafruit-gpio" },
]
sdist = { url = "https://files.pythonhosted.org/packages/14/e8/c9935e32f61e6562abea08cb704fcbfbb78b39bd1d20bb9b12eb4c2c820c/Adafruit_ADS1x15-1.0.2.tar.gz", hash = "sha256:2076c114e3ca938ef5de13c608f2b28c517ca3d53407432fd470118556ab3feb", size = 5203, upload-time = "2016-10-19T01:35:40.915Z" }

[[package]]
name = "adafruit-gpio"
version = "1.0.3"
source = { registry = "https://pypi.org/simple" }
dependencies = [
    { name = "adafruit-pureio" },
]
sdist = { url = "https://files.pythonhosted.org/packages/db/1c/2dc8a674514219f287fa344e44cadfd77b3e2878d6ff602a8c2149b50dd8/Adafruit_GPIO-1.0.3.tar.gz", hash = "sha256:d6465b92c866c51ca8f3bc1e8f2ec36f5ccdb46d0fd54101c1109756d4a2dcd0", size = 24522, upload-time = "2017-06-06T18:44:52.234Z" }

[[package]]
name = "adafruit-pureio"
version = "1.1.11"
source = { registry = "https://pypi.org/simple" }
sdist = { url = "https://files.pythonhosted.org/packages/e5/b7/f1672435116822079bbdab42163f9e6424769b7db778873d95d18c085230/Adafruit_PureIO-1.1.11.tar.gz", hash = "sha256:c4cfbb365731942d1f1092a116f47dfdae0aef18c5b27f1072b5824ad5ea8c7c", size = 35511, upload-time = "2023-05-25T19:01:34.654Z" }
wheels = [
    { url = "https://files.pythonhosted.org/packages/19/9d/28e9d12f36e13c5f2acba3098187b0e931290ecd1d8df924391b5ad2db19/Adafruit_PureIO-1.1.11-py3-none-any.whl", hash = "sha256:281ab2099372cc0decc26326918996cbf21b8eed694ec4764d51eefa029d324e", size = 10678, upload-time = "2023-05-25T19:01:32.397Z" },
]

[[package]]
name = "apc"
version = "0.1.0"
source = { virtual = "." }
dependencies = [
    { name = "adafruit-ads1x15" },
    { name = "simple-pid" },
]

[package.metadata]
requires-dist = [
    { name = "adafruit-ads1x15", specifier = ">=1.0.2" },
    { name = "simple-pid", specifier = ">=2.0.1" },
]

[[package]]
name = "simple-pid"
version = "2.0.1"
source = { registry = "https://pypi.org/simple" }
sdist = { url = "https://files.pythonhosted.org/packages/78/0a/c670a4f4dea4b21c0b074b193c54698e5e047479e688c8d5495d264c9921/simple_pid-2.0.1.tar.gz", hash = "sha256:5771761c54541c900e597d6c2e4ea93fd2cc98f4e48cb9eca265fba2e65be99e", size = 15577, upload-time = "2024-07-21T13:27:32.037Z" }
wheels = [
    { url = "https://files.pythonhosted.org/packages/ee/0e/4d4fe01b21558a31a12e029a57cf677666c89c1b00cb82c1b53d0025cd63/simple_pid-2.0.1-py3-none-any.whl", hash = "sha256:1d53ed76b03d949ceea46b538fb22999d27899e2e655aa19b99c40f6edcedca6", size = 7194, upload-time = "2024-07-21T13:27:30.688Z" },
]
