version = 1
revision = 2
requires-python = ">=3.13"

[[package]]
name = "adafruit-ads1x15"
version = "1.0.2"
source = { registry = "https://pypi.org/simple" }
dependencies = [
    { name = "adafruit-gpio" },
]
sdist = { url = "https://files.pythonhosted.org/packages/14/e8/c9935e32f61e6562abea08cb704fcbfbb78b39bd1d20bb9b12eb4c2c820c/Adafruit_ADS1x15-1.0.2.tar.gz", hash = "sha256:2076c114e3ca938ef5de13c608f2b28c517ca3d53407432fd470118556ab3feb", size = 5203, upload-time = "2016-10-19T01:35:40.915Z" }

[[package]]
name = "adafruit-gpio"
version = "1.0.3"
source = { registry = "https://pypi.org/simple" }
dependencies = [
    { name = "adafruit-pureio" },
    { name = "spidev" },
]
sdist = { url = "https://files.pythonhosted.org/packages/db/1c/2dc8a674514219f287fa344e44cadfd77b3e2878d6ff602a8c2149b50dd8/Adafruit_GPIO-1.0.3.tar.gz", hash = "sha256:d6465b92c866c51ca8f3bc1e8f2ec36f5ccdb46d0fd54101c1109756d4a2dcd0", size = 24522, upload-time = "2017-06-06T18:44:52.234Z" }

[[package]]
name = "adafruit-pureio"
version = "1.1.11"
source = { registry = "https://pypi.org/simple" }
sdist = { url = "https://files.pythonhosted.org/packages/e5/b7/f1672435116822079bbdab42163f9e6424769b7db778873d95d18c085230/Adafruit_PureIO-1.1.11.tar.gz", hash = "sha256:c4cfbb365731942d1f1092a116f47dfdae0aef18c5b27f1072b5824ad5ea8c7c", size = 35511, upload-time = "2023-05-25T19:01:34.654Z" }
wheels = [
    { url = "https://files.pythonhosted.org/packages/19/9d/28e9d12f36e13c5f2acba3098187b0e931290ecd1d8df924391b5ad2db19/Adafruit_PureIO-1.1.11-py3-none-any.whl", hash = "sha256:281ab2099372cc0decc26326918996cbf21b8eed694ec4764d51eefa029d324e", size = 10678, upload-time = "2023-05-25T19:01:32.397Z" },
]

[[package]]
name = "apc"
version = "0.1.0"
source = { virtual = "." }
dependencies = [
    { name = "adafruit-ads1x15" },
    { name = "gpiozero" },
    { name = "rpi-gpio" },
    { name = "simple-pid" },
]

[package.metadata]
requires-dist = [
    { name = "adafruit-ads1x15", specifier = ">=1.0.2" },
    { name = "gpiozero", specifier = ">=2.0.1" },
    { name = "rpi-gpio", specifier = ">=0.7.1" },
    { name = "simple-pid", specifier = ">=2.0.1" },
]

[[package]]
name = "colorzero"
version = "2.0"
source = { registry = "https://pypi.org/simple" }
dependencies = [
    { name = "setuptools" },
]
sdist = { url = "https://files.pythonhosted.org/packages/b3/ca/688824a06e8c4d04c7d2fd2af2d8da27bed51af20ee5f094154e1d680334/colorzero-2.0.tar.gz", hash = "sha256:e7d5a5c26cd0dc37b164ebefc609f388de24f8593b659191e12d85f8f9d5eb58", size = 25382, upload-time = "2021-03-15T23:42:23.261Z" }
wheels = [
    { url = "https://files.pythonhosted.org/packages/7e/a6/ddd0f130e44a7593ac6c55aa93f6e256d2270fd88e9d1b64ab7f22ab8fde/colorzero-2.0-py2.py3-none-any.whl", hash = "sha256:0e60d743a6b8071498a56465f7719c96a5e92928f858bab1be2a0d606c9aa0f8", size = 26573, upload-time = "2021-03-15T23:42:21.757Z" },
]

[[package]]
name = "gpiozero"
version = "2.0.1"
source = { registry = "https://pypi.org/simple" }
dependencies = [
    { name = "colorzero" },
]
sdist = { url = "https://files.pythonhosted.org/packages/e4/47/334b8db8a981eca9a0fb1e7e48e1997a5eaa8f40bb31c504299dcca0e6ff/gpiozero-2.0.1.tar.gz", hash = "sha256:d4ea1952689ec7e331f9d4ebc9adb15f1d01c2c9dcfabb72e752c9869ab7e97e", size = 136176, upload-time = "2024-02-15T11:07:02.919Z" }
wheels = [
    { url = "https://files.pythonhosted.org/packages/02/eb/6518a1b00488d48995034226846653c382d676cf5f04be62b3c3fae2c6a1/gpiozero-2.0.1-py3-none-any.whl", hash = "sha256:8f621de357171d574c0b7ea0e358cb66e560818a47b0eeedf41ce1cdbd20c70b", size = 150818, upload-time = "2024-02-15T11:07:00.451Z" },
]

[[package]]
name = "rpi-gpio"
version = "0.7.1"
source = { registry = "https://pypi.org/simple" }
sdist = { url = "https://files.pythonhosted.org/packages/c4/0f/10b524a12b3445af1c607c27b2f5ed122ef55756e29942900e5c950735f2/RPi.GPIO-0.7.1.tar.gz", hash = "sha256:cd61c4b03c37b62bba4a5acfea9862749c33c618e0295e7e90aa4713fb373b70", size = 29090, upload-time = "2022-02-06T15:15:06.022Z" }

[[package]]
name = "setuptools"
version = "80.9.0"
source = { registry = "https://pypi.org/simple" }
sdist = { url = "https://files.pythonhosted.org/packages/18/5d/3bf57dcd21979b887f014ea83c24ae194cfcd12b9e0fda66b957c69d1fca/setuptools-80.9.0.tar.gz", hash = "sha256:f36b47402ecde768dbfafc46e8e4207b4360c654f1f3bb84475f0a28628fb19c", size = 1319958, upload-time = "2025-05-27T00:56:51.443Z" }
wheels = [
    { url = "https://files.pythonhosted.org/packages/a3/dc/17031897dae0efacfea57dfd3a82fdd2a2aeb58e0ff71b77b87e44edc772/setuptools-80.9.0-py3-none-any.whl", hash = "sha256:062d34222ad13e0cc312a4c02d73f059e86a4acbfbdea8f8f76b28c99f306922", size = 1201486, upload-time = "2025-05-27T00:56:49.664Z" },
]

[[package]]
name = "simple-pid"
version = "2.0.1"
source = { registry = "https://pypi.org/simple" }
sdist = { url = "https://files.pythonhosted.org/packages/78/0a/c670a4f4dea4b21c0b074b193c54698e5e047479e688c8d5495d264c9921/simple_pid-2.0.1.tar.gz", hash = "sha256:5771761c54541c900e597d6c2e4ea93fd2cc98f4e48cb9eca265fba2e65be99e", size = 15577, upload-time = "2024-07-21T13:27:32.037Z" }
wheels = [
    { url = "https://files.pythonhosted.org/packages/ee/0e/4d4fe01b21558a31a12e029a57cf677666c89c1b00cb82c1b53d0025cd63/simple_pid-2.0.1-py3-none-any.whl", hash = "sha256:1d53ed76b03d949ceea46b538fb22999d27899e2e655aa19b99c40f6edcedca6", size = 7194, upload-time = "2024-07-21T13:27:30.688Z" },
]

[[package]]
name = "spidev"
version = "3.7"
source = { registry = "https://pypi.org/simple" }
sdist = { url = "https://files.pythonhosted.org/packages/b5/99/dd50af8200e224ce9412ad01cdbeeb5b39b2d61acd72138f2b92c4a6d619/spidev-3.7.tar.gz", hash = "sha256:ce628a5ff489f45132679879bff5f455a66abf9751af01843850155b06ae92f0", size = 11616, upload-time = "2025-05-06T14:23:30.783Z" }
